// !$*UTF8*$!
{
	archiveVersion = 1;
	classes = {
	};
	objectVersion = 54;
	objects = {

/* Begin PBXBuildFile section */
		00C024FA31D6E234BBF94FF9 /* AppDelegate.swift in Sources */ = {isa = PBXBuildFile; fileRef = C719EAC1DC3BC142C2A9F0BC /* AppDelegate.swift */; };
		140D37096395E2854A4C804F /* MenuBarView.swift in Sources */ = {isa = PBXBuildFile; fileRef = 888148842D602A266272C325 /* MenuBarView.swift */; };
		6624E5A6B83FFF20F54F9FC1 /* AppState.swift in Sources */ = {isa = PBXBuildFile; fileRef = A964BA4D3202095B13ED513E /* AppState.swift */; };
		6916FB7E196D1FE2507796F6 /* main.swift in Sources */ = {isa = PBXBuildFile; fileRef = D6B9083F98E8FD8561615A4B /* main.swift */; };
		8416D6EF73E604DA22D935A5 /* ContentView.swift in Sources */ = {isa = PBXBuildFile; fileRef = 23CDFB2C99731F0359A7D170 /* ContentView.swift */; };
		938F1B7D812A9310952ABF99 /* Theme.swift in Sources */ = {isa = PBXBuildFile; fileRef = C3BACD4496233FDF2B8E4B6C /* Theme.swift */; };
		A4BE0F9A3A5004FE7AFCBDFB /* CurrencyView.swift in Sources */ = {isa = PBXBuildFile; fileRef = 75ED0B2D044553192A879A9A /* CurrencyView.swift */; };
		BA13ADBABFAAF3EB1ACC2034 /* PackingListView.swift in Sources */ = {isa = PBXBuildFile; fileRef = 861D516F072C6BD41DC5D865 /* PackingListView.swift */; };
		D3F07A018738431D0AF7DDAF /* DestinationView.swift in Sources */ = {isa = PBXBuildFile; fileRef = 707A5A8D7D28443815889037 /* DestinationView.swift */; };
		FF90E23BDBB152303DBEBF75 /* TripPlannerView.swift in Sources */ = {isa = PBXBuildFile; fileRef = CCC525E37AEA5C5A7EF59D59 /* TripPlannerView.swift */; };
/* End PBXBuildFile section */

/* Begin PBXFileReference section */
		184D8E867C055AB66061836F /* Info.plist */ = {isa = PBXFileReference; lastKnownFileType = text.plist; path = Info.plist; sourceTree = "<group>"; };
		23CDFB2C99731F0359A7D170 /* ContentView.swift */ = {isa = PBXFileReference; lastKnownFileType = sourcecode.swift; path = ContentView.swift; sourceTree = "<group>"; };
		707A5A8D7D28443815889037 /* DestinationView.swift */ = {isa = PBXFileReference; lastKnownFileType = sourcecode.swift; path = DestinationView.swift; sourceTree = "<group>"; };
		75ED0B2D044553192A879A9A /* CurrencyView.swift */ = {isa = PBXFileReference; lastKnownFileType = sourcecode.swift; path = CurrencyView.swift; sourceTree = "<group>"; };
		861D516F072C6BD41DC5D865 /* PackingListView.swift */ = {isa = PBXFileReference; lastKnownFileType = sourcecode.swift; path = PackingListView.swift; sourceTree = "<group>"; };
		888148842D602A266272C325 /* MenuBarView.swift */ = {isa = PBXFileReference; lastKnownFileType = sourcecode.swift; path = MenuBarView.swift; sourceTree = "<group>"; };
		A964BA4D3202095B13ED513E /* AppState.swift */ = {isa = PBXFileReference; lastKnownFileType = sourcecode.swift; path = AppState.swift; sourceTree = "<group>"; };
		C3BACD4496233FDF2B8E4B6C /* Theme.swift */ = {isa = PBXFileReference; lastKnownFileType = sourcecode.swift; path = Theme.swift; sourceTree = "<group>"; };
		C719EAC1DC3BC142C2A9F0BC /* AppDelegate.swift */ = {isa = PBXFileReference; lastKnownFileType = sourcecode.swift; path = AppDelegate.swift; sourceTree = "<group>"; };
		CCC525E37AEA5C5A7EF59D59 /* TripPlannerView.swift */ = {isa = PBXFileReference; lastKnownFileType = sourcecode.swift; path = TripPlannerView.swift; sourceTree = "<group>"; };
		D6B9083F98E8FD8561615A4B /* main.swift */ = {isa = PBXFileReference; lastKnownFileType = sourcecode.swift; path = main.swift; sourceTree = "<group>"; };
		DC03C4347DF232B8BC7B7543 /* WadeMac.app */ = {isa = PBXFileReference; explicitFileType = wrapper.application; includeInIndex = 0; path = WadeMac.app; sourceTree = BUILT_PRODUCTS_DIR; };
/* End PBXFileReference section */

/* Begin PBXGroup section */
		1BC50E9B947A9AE598D6C4F1 /* Products */ = {
			isa = PBXGroup;
			children = (
				DC03C4347DF232B8BC7B7543 /* WadeMac.app */,
			);
			name = Products;
			sourceTree = "<group>";
		};
		22B8FDFA9B8E9F5F03A73B74 /* Theme */ = {
			isa = PBXGroup;
			children = (
				C3BACD4496233FDF2B8E4B6C /* Theme.swift */,
			);
			path = Theme;
			sourceTree = "<group>";
		};
		40310288826E9463AE7C5731 = {
			isa = PBXGroup;
			children = (
				6054AE7BBC49139CE743BDAC /* WadeMac */,
				1BC50E9B947A9AE598D6C4F1 /* Products */,
			);
			sourceTree = "<group>";
		};
		6054AE7BBC49139CE743BDAC /* WadeMac */ = {
			isa = PBXGroup;
			children = (
				9AE79A75CFB048387829D6E2 /* App */,
				90ACCCD6B6F3403F015BAC59 /* Models */,
				22B8FDFA9B8E9F5F03A73B74 /* Theme */,
				C471F19EA897F276C11BDC76 /* Views */,
			);
			path = WadeMac;
			sourceTree = "<group>";
		};
		90ACCCD6B6F3403F015BAC59 /* Models */ = {
			isa = PBXGroup;
			children = (
				A964BA4D3202095B13ED513E /* AppState.swift */,
			);
			path = Models;
			sourceTree = "<group>";
		};
		9AE79A75CFB048387829D6E2 /* App */ = {
			isa = PBXGroup;
			children = (
				C719EAC1DC3BC142C2A9F0BC /* AppDelegate.swift */,
				184D8E867C055AB66061836F /* Info.plist */,
				D6B9083F98E8FD8561615A4B /* main.swift */,
			);
			path = App;
			sourceTree = "<group>";
		};
		C471F19EA897F276C11BDC76 /* Views */ = {
			isa = PBXGroup;
			children = (
				23CDFB2C99731F0359A7D170 /* ContentView.swift */,
				75ED0B2D044553192A879A9A /* CurrencyView.swift */,
				707A5A8D7D28443815889037 /* DestinationView.swift */,
				888148842D602A266272C325 /* MenuBarView.swift */,
				861D516F072C6BD41DC5D865 /* PackingListView.swift */,
				CCC525E37AEA5C5A7EF59D59 /* TripPlannerView.swift */,
			);
			path = Views;
			sourceTree = "<group>";
		};
/* End PBXGroup section */

/* Begin PBXNativeTarget section */
		B6F9C10441FA3FA3E791F677 /* WadeMac */ = {
			isa = PBXNativeTarget;
			buildConfigurationList = 35AA10EFC184224D978202EE /* Build configuration list for PBXNativeTarget "WadeMac" */;
			buildPhases = (
				EB17159BDFB894A56E71C2E3 /* Sources */,
			);
			buildRules = (
			);
			dependencies = (
			);
			name = WadeMac;
			productName = WadeMac;
			productReference = DC03C4347DF232B8BC7B7543 /* WadeMac.app */;
			productType = "com.apple.product-type.application";
		};
/* End PBXNativeTarget section */

/* Begin PBXProject section */
		1D31BB7725172228E557AD8A /* Project object */ = {
			isa = PBXProject;
			attributes = {
				BuildIndependentTargetsInParallel = YES;
				LastUpgradeCheck = 1430;
				TargetAttributes = {
					B6F9C10441FA3FA3E791F677 = {
						ProvisioningStyle = Manual;
					};
				};
			};
			buildConfigurationList = 5EC820073AFF65CB16B2152C /* Build configuration list for PBXProject "WadeMac" */;
			compatibilityVersion = "Xcode 14.0";
			developmentRegion = en;
			hasScannedForEncodings = 0;
			knownRegions = (
				Base,
				en,
			);
			mainGroup = 40310288826E9463AE7C5731;
			projectDirPath = "";
			projectRoot = "";
			targets = (
				B6F9C10441FA3FA3E791F677 /* WadeMac */,
			);
		};
/* End PBXProject section */

/* Begin PBXSourcesBuildPhase section */
		EB17159BDFB894A56E71C2E3 /* Sources */ = {
			isa = PBXSourcesBuildPhase;
			buildActionMask = 2147483647;
			files = (
				00C024FA31D6E234BBF94FF9 /* AppDelegate.swift in Sources */,
				6624E5A6B83FFF20F54F9FC1 /* AppState.swift in Sources */,
				8416D6EF73E604DA22D935A5 /* ContentView.swift in Sources */,
				A4BE0F9A3A5004FE7AFCBDFB /* CurrencyView.swift in Sources */,
				D3F07A018738431D0AF7DDAF /* DestinationView.swift in Sources */,
				140D37096395E2854A4C804F /* MenuBarView.swift in Sources */,
				BA13ADBABFAAF3EB1ACC2034 /* PackingListView.swift in Sources */,
				938F1B7D812A9310952ABF99 /* Theme.swift in Sources */,
				FF90E23BDBB152303DBEBF75 /* TripPlannerView.swift in Sources */,
				6916FB7E196D1FE2507796F6 /* main.swift in Sources */,
			);
			runOnlyForDeploymentPostprocessing = 0;
		};
/* End PBXSourcesBuildPhase section */

/* Begin XCBuildConfiguration section */
		26A4607F9EF9EC6F2DB58DFC /* Release */ = {
			isa = XCBuildConfiguration;
			buildSettings = {
				ASSETCATALOG_COMPILER_APPICON_NAME = AppIcon;
				CODE_SIGN_IDENTITY = "-";
				CODE_SIGN_STYLE = Manual;
				COMBINE_HIDPI_IMAGES = YES;
				ENABLE_HARDENED_RUNTIME = YES;
				INFOPLIST_FILE = WadeMac/App/Info.plist;
				LD_RUNPATH_SEARCH_PATHS = "@executable_path/../Frameworks";
				MACOSX_DEPLOYMENT_TARGET = 15.0;
				PRODUCT_BUNDLE_IDENTIFIER = com.tommaso.wade.mac;
				PRODUCT_NAME = Wade;
				SDKROOT = macosx;
				SWIFT_VERSION = 6.0;
			};
			name = Release;
		};
		EB5210BE60C7316FA05930BF /* Release */ = {
			isa = XCBuildConfiguration;
			buildSettings = {
				ALWAYS_SEARCH_USER_PATHS = NO;
				CLANG_ANALYZER_NONNULL = YES;
				CLANG_ANALYZER_NUMBER_OBJECT_CONVERSION = YES_AGGRESSIVE;
				CLANG_CXX_LANGUAGE_STANDARD = "gnu++14";
				CLANG_CXX_LIBRARY = "libc++";
				CLANG_ENABLE_MODULES = YES;
				CLANG_ENABLE_OBJC_ARC = YES;
				CLANG_ENABLE_OBJC_WEAK = YES;
				CLANG_WARN_BLOCK_CAPTURE_AUTORELEASING = YES;
				CLANG_WARN_BOOL_CONVERSION = YES;
				CLANG_WARN_COMMA = YES;
				CLANG_WARN_CONSTANT_CONVERSION = YES;
				CLANG_WARN_DEPRECATED_OBJC_IMPLEMENTATIONS = YES;
				CLANG_WARN_DIRECT_OBJC_ISA_USAGE = YES_ERROR;
				CLANG_WARN_DOCUMENTATION_COMMENTS = YES;
				CLANG_WARN_EMPTY_BODY = YES;
				CLANG_WARN_ENUM_CONVERSION = YES;
				CLANG_WARN_INFINITE_RECURSION = YES;
				CLANG_WARN_INT_CONVERSION = YES;
				CLANG_WARN_NON_LITERAL_NULL_CONVERSION = YES;
				CLANG_WARN_OBJC_IMPLICIT_RETAIN_SELF = YES;
				CLANG_WARN_OBJC_LITERAL_CONVERSION = YES;
				CLANG_WARN_OBJC_ROOT_CLASS = YES_ERROR;
				CLANG_WARN_QUOTED_INCLUDE_IN_FRAMEWORK_HEADER = YES;
				CLANG_WARN_RANGE_LOOP_ANALYSIS = YES;
				CLANG_WARN_STRICT_PROTOTYPES = YES;
				CLANG_WARN_SUSPICIOUS_MOVE = YES;
				CLANG_WARN_UNGUARDED_AVAILABILITY = YES_AGGRESSIVE;
				CLANG_WARN_UNREACHABLE_CODE = YES;
				CLANG_WARN__DUPLICATE_METHOD_MATCH = YES;
				COPY_PHASE_STRIP = NO;
				DEBUG_INFORMATION_FORMAT = "dwarf-with-dsym";
				ENABLE_NS_ASSERTIONS = NO;
				ENABLE_STRICT_OBJC_MSGSEND = YES;
				GCC_C_LANGUAGE_STANDARD = gnu11;
				GCC_NO_COMMON_BLOCKS = YES;
				GCC_WARN_64_TO_32_BIT_CONVERSION = YES;
				GCC_WARN_ABOUT_RETURN_TYPE = YES_ERROR;
				GCC_WARN_UNDECLARED_SELECTOR = YES;
				GCC_WARN_UNINITIALIZED_AUTOS = YES_AGGRESSIVE;
				GCC_WARN_UNUSED_FUNCTION = YES;
				GCC_WARN_UNUSED_VARIABLE = YES;
				MACOSX_DEPLOYMENT_TARGET = 15.0;
				MTL_ENABLE_DEBUG_INFO = NO;
				MTL_FAST_MATH = YES;
				PRODUCT_NAME = "$(TARGET_NAME)";
				SDKROOT = macosx;
				SWIFT_COMPILATION_MODE = wholemodule;
				SWIFT_OPTIMIZATION_LEVEL = "-O";
				SWIFT_VERSION = 5.0;
			};
			name = Release;
		};
		F02D9B423F03D1D23CA1C744 /* Debug */ = {
			isa = XCBuildConfiguration;
			buildSettings = {
				ALWAYS_SEARCH_USER_PATHS = NO;
				CLANG_ANALYZER_NONNULL = YES;
				CLANG_ANALYZER_NUMBER_OBJECT_CONVERSION = YES_AGGRESSIVE;
				CLANG_CXX_LANGUAGE_STANDARD = "gnu++14";
				CLANG_CXX_LIBRARY = "libc++";
				CLANG_ENABLE_MODULES = YES;
				CLANG_ENABLE_OBJC_ARC = YES;
				CLANG_ENABLE_OBJC_WEAK = YES;
				CLANG_WARN_BLOCK_CAPTURE_AUTORELEASING = YES;
				CLANG_WARN_BOOL_CONVERSION = YES;
				CLANG_WARN_COMMA = YES;
				CLANG_WARN_CONSTANT_CONVERSION = YES;
				CLANG_WARN_DEPRECATED_OBJC_IMPLEMENTATIONS = YES;
				CLANG_WARN_DIRECT_OBJC_ISA_USAGE = YES_ERROR;
				CLANG_WARN_DOCUMENTATION_COMMENTS = YES;
				CLANG_WARN_EMPTY_BODY = YES;
				CLANG_WARN_ENUM_CONVERSION = YES;
				CLANG_WARN_INFINITE_RECURSION = YES;
				CLANG_WARN_INT_CONVERSION = YES;
				CLANG_WARN_NON_LITERAL_NULL_CONVERSION = YES;
				CLANG_WARN_OBJC_IMPLICIT_RETAIN_SELF = YES;
				CLANG_WARN_OBJC_LITERAL_CONVERSION = YES;
				CLANG_WARN_OBJC_ROOT_CLASS = YES_ERROR;
				CLANG_WARN_QUOTED_INCLUDE_IN_FRAMEWORK_HEADER = YES;
				CLANG_WARN_RANGE_LOOP_ANALYSIS = YES;
				CLANG_WARN_STRICT_PROTOTYPES = YES;
				CLANG_WARN_SUSPICIOUS_MOVE = YES;
				CLANG_WARN_UNGUARDED_AVAILABILITY = YES_AGGRESSIVE;
				CLANG_WARN_UNREACHABLE_CODE = YES;
				CLANG_WARN__DUPLICATE_METHOD_MATCH = YES;
				COPY_PHASE_STRIP = NO;
				DEBUG_INFORMATION_FORMAT = dwarf;
				ENABLE_STRICT_OBJC_MSGSEND = YES;
				ENABLE_TESTABILITY = YES;
				GCC_C_LANGUAGE_STANDARD = gnu11;
				GCC_DYNAMIC_NO_PIC = NO;
				GCC_NO_COMMON_BLOCKS = YES;
				GCC_OPTIMIZATION_LEVEL = 0;
				GCC_PREPROCESSOR_DEFINITIONS = (
					"$(inherited)",
					"DEBUG=1",
				);
				GCC_WARN_64_TO_32_BIT_CONVERSION = YES;
				GCC_WARN_ABOUT_RETURN_TYPE = YES_ERROR;
				GCC_WARN_UNDECLARED_SELECTOR = YES;
				GCC_WARN_UNINITIALIZED_AUTOS = YES_AGGRESSIVE;
				GCC_WARN_UNUSED_FUNCTION = YES;
				GCC_WARN_UNUSED_VARIABLE = YES;
				MACOSX_DEPLOYMENT_TARGET = 15.0;
				MTL_ENABLE_DEBUG_INFO = INCLUDE_SOURCE;
				MTL_FAST_MATH = YES;
				ONLY_ACTIVE_ARCH = YES;
				PRODUCT_NAME = "$(TARGET_NAME)";
				SDKROOT = macosx;
				SWIFT_ACTIVE_COMPILATION_CONDITIONS = DEBUG;
				SWIFT_OPTIMIZATION_LEVEL = "-Onone";
				SWIFT_VERSION = 5.0;
			};
			name = Debug;
		};
		FBFD5402A2525BE199A52597 /* Debug */ = {
			isa = XCBuildConfiguration;
			buildSettings = {
				ASSETCATALOG_COMPILER_APPICON_NAME = AppIcon;
				CODE_SIGN_IDENTITY = "-";
				CODE_SIGN_STYLE = Manual;
				COMBINE_HIDPI_IMAGES = YES;
				ENABLE_HARDENED_RUNTIME = YES;
				INFOPLIST_FILE = WadeMac/App/Info.plist;
				LD_RUNPATH_SEARCH_PATHS = "@executable_path/../Frameworks";
				MACOSX_DEPLOYMENT_TARGET = 15.0;
				PRODUCT_BUNDLE_IDENTIFIER = com.tommaso.wade.mac;
				PRODUCT_NAME = Wade;
				SDKROOT = macosx;
				SWIFT_VERSION = 6.0;
			};
			name = Debug;
		};
/* End XCBuildConfiguration section */

/* Begin XCConfigurationList section */
		35AA10EFC184224D978202EE /* Build configuration list for PBXNativeTarget "WadeMac" */ = {
			isa = XCConfigurationList;
			buildConfigurations = (
				FBFD5402A2525BE199A52597 /* Debug */,
				26A4607F9EF9EC6F2DB58DFC /* Release */,
			);
			defaultConfigurationIsVisible = 0;
			defaultConfigurationName = Debug;
		};
		5EC820073AFF65CB16B2152C /* Build configuration list for PBXProject "WadeMac" */ = {
			isa = XCConfigurationList;
			buildConfigurations = (
				F02D9B423F03D1D23CA1C744 /* Debug */,
				EB5210BE60C7316FA05930BF /* Release */,
			);
			defaultConfigurationIsVisible = 0;
			defaultConfigurationName = Debug;
		};
/* End XCConfigurationList section */
	};
	rootObject = 1D31BB7725172228E557AD8A /* Project object */;
}
